// !$*UTF8*$!
{
	archiveVersion = 1;
	classes = {
	};
	objectVersion = 46;
	objects = {

/* Begin PBXBuildFile section */
		3D1D652725B09BC40005B22E /* aoctests.swift in Sources */ = {isa = PBXBuildFile; fileRef = 3D1D652625B09BC40005B22E /* aoctests.swift */; };
		3D330DEC25B9C0C8007D16EE /* puzzle-03.swift in Sources */ = {isa = PBXBuildFile; fileRef = 3D330DEB25B9C0C8007D16EE /* puzzle-03.swift */; };
		3D330DEF25B9C38C007D16EE /* puzzle-03.swift in Sources */ = {isa = PBXBuildFile; fileRef = 3D330DEB25B9C0C8007D16EE /* puzzle-03.swift */; };
		3D330DF325B9C4C5007D16EE /* puzzle-03-tests.swift in Sources */ = {isa = PBXBuildFile; fileRef = 3D330DF225B9C4C5007D16EE /* puzzle-03-tests.swift */; };
		3D4F91EB25BB173500CBD951 /* puzzle-04.swift in Sources */ = {isa = PBXBuildFile; fileRef = 3D4F91EA25BB173500CBD951 /* puzzle-04.swift */; };
		3D4F91EF25BB1DDB00CBD951 /* Puzzle04Tests.swift in Sources */ = {isa = PBXBuildFile; fileRef = 3D4F91EE25BB1DDB00CBD951 /* Puzzle04Tests.swift */; };
		3D4F91F225BB1EDA00CBD951 /* puzzle-04.swift in Sources */ = {isa = PBXBuildFile; fileRef = 3D4F91EA25BB173500CBD951 /* puzzle-04.swift */; };
		3D4F924825BCF9FD00CBD951 /* puzzle-05.swift in Sources */ = {isa = PBXBuildFile; fileRef = 3D4F924725BCF9FD00CBD951 /* puzzle-05.swift */; };
		3D4F924C25BD014100CBD951 /* Puzzle05Tests.swift in Sources */ = {isa = PBXBuildFile; fileRef = 3D4F924B25BD014100CBD951 /* Puzzle05Tests.swift */; };
		3D4F924F25BD019F00CBD951 /* puzzle-05.swift in Sources */ = {isa = PBXBuildFile; fileRef = 3D4F924725BCF9FD00CBD951 /* puzzle-05.swift */; };
		8FA930349A8011AFFDCE416D /* Utils.swift in Sources */ = {isa = PBXBuildFile; fileRef = 8FA9330EC8C2BB4E49C6DA1D /* Utils.swift */; };
		8FA93183D661C7B7D89FF3FD /* puzzle02tests.swift in Sources */ = {isa = PBXBuildFile; fileRef = 8FA9331B7827E6418C6159C8 /* puzzle02tests.swift */; };
		8FA931ACA7817D6127ACFF16 /* SimpleRegex.swift in Sources */ = {isa = PBXBuildFile; fileRef = 8FA9356671B1D25802A4ED4A /* SimpleRegex.swift */; };
		8FA9339ADDFB27418220BC9A /* puzzle-02.swift in Sources */ = {isa = PBXBuildFile; fileRef = 8FA932A93A177FC831A83DD3 /* puzzle-02.swift */; };
		8FA935DE16A7AAAD6078346E /* puzzle-02.swift in Sources */ = {isa = PBXBuildFile; fileRef = 8FA932A93A177FC831A83DD3 /* puzzle-02.swift */; };
		8FA935EE28B8B5F3A0D88C42 /* puzzle-02.txt in Resources */ = {isa = PBXBuildFile; fileRef = 8FA93245719137BCADF1AC6C /* puzzle-02.txt */; };
		8FA936E644D7B02016075806 /* Utils.swift in Sources */ = {isa = PBXBuildFile; fileRef = 8FA9330EC8C2BB4E49C6DA1D /* Utils.swift */; };
		8FA938DAEA02602B08587893 /* SimpleRegex.swift in Sources */ = {isa = PBXBuildFile; fileRef = 8FA9356671B1D25802A4ED4A /* SimpleRegex.swift */; };
		8FA93B101828ED1668050283 /* puzzle-01.swift in Sources */ = {isa = PBXBuildFile; fileRef = 8FA9382A03565669FB3FDA8A /* puzzle-01.swift */; };
		8FA93DA0B95FC0E5D8CA79CE /* puzzle-01.swift in Sources */ = {isa = PBXBuildFile; fileRef = 8FA9382A03565669FB3FDA8A /* puzzle-01.swift */; };
		8FA93FA3640BBF237F0D23ED /* main.swift in Sources */ = {isa = PBXBuildFile; fileRef = 8FA93C3918CC7E8970791104 /* main.swift */; };
/* End PBXBuildFile section */

/* Begin PBXCopyFilesBuildPhase section */
		8FA93159A3802F4F46986EE2 /* CopyFiles */ = {
			isa = PBXCopyFilesBuildPhase;
			buildActionMask = 2147483647;
			dstPath = /usr/share/man/man1/;
			dstSubfolderSpec = 0;
			files = (
			);
			runOnlyForDeploymentPostprocessing = 1;
		};
/* End PBXCopyFilesBuildPhase section */

/* Begin PBXFileReference section */
		3D05E5B225BD05C500697387 /* puzzle-05.txt */ = {isa = PBXFileReference; lastKnownFileType = text; path = "puzzle-05.txt"; sourceTree = "<group>"; };
		3D1D652425B09BC40005B22E /* aoctests.xctest */ = {isa = PBXFileReference; explicitFileType = wrapper.cfbundle; includeInIndex = 0; path = aoctests.xctest; sourceTree = BUILT_PRODUCTS_DIR; };
		3D1D652625B09BC40005B22E /* aoctests.swift */ = {isa = PBXFileReference; lastKnownFileType = sourcecode.swift; path = aoctests.swift; sourceTree = "<group>"; };
		3D1D652825B09BC40005B22E /* Info.plist */ = {isa = PBXFileReference; lastKnownFileType = text.plist.xml; path = Info.plist; sourceTree = "<group>"; };
		3D330DEB25B9C0C8007D16EE /* puzzle-03.swift */ = {isa = PBXFileReference; lastKnownFileType = sourcecode.swift; path = "puzzle-03.swift"; sourceTree = "<group>"; };
		3D330DF225B9C4C5007D16EE /* puzzle-03-tests.swift */ = {isa = PBXFileReference; lastKnownFileType = sourcecode.swift; path = "puzzle-03-tests.swift"; sourceTree = "<group>"; };
		3D330DF625B9CD01007D16EE /* puzzle-03.txt */ = {isa = PBXFileReference; lastKnownFileType = text; path = "puzzle-03.txt"; sourceTree = "<group>"; };
		3D4F91EA25BB173500CBD951 /* puzzle-04.swift */ = {isa = PBXFileReference; lastKnownFileType = sourcecode.swift; path = "puzzle-04.swift"; sourceTree = "<group>"; };
		3D4F91EE25BB1DDB00CBD951 /* Puzzle04Tests.swift */ = {isa = PBXFileReference; lastKnownFileType = sourcecode.swift; path = Puzzle04Tests.swift; sourceTree = "<group>"; };
		3D4F922825BB638300CBD951 /* puzzle-04.txt */ = {isa = PBXFileReference; lastKnownFileType = text; path = "puzzle-04.txt"; sourceTree = "<group>"; };
		3D4F924725BCF9FD00CBD951 /* puzzle-05.swift */ = {isa = PBXFileReference; lastKnownFileType = sourcecode.swift; path = "puzzle-05.swift"; sourceTree = "<group>"; };
		3D4F924B25BD014100CBD951 /* Puzzle05Tests.swift */ = {isa = PBXFileReference; lastKnownFileType = sourcecode.swift; path = Puzzle05Tests.swift; sourceTree = "<group>"; };
		8FA93245719137BCADF1AC6C /* puzzle-02.txt */ = {isa = PBXFileReference; fileEncoding = 4; lastKnownFileType = text; path = "puzzle-02.txt"; sourceTree = "<group>"; };
		8FA932A93A177FC831A83DD3 /* puzzle-02.swift */ = {isa = PBXFileReference; fileEncoding = 4; lastKnownFileType = sourcecode.swift; path = "puzzle-02.swift"; sourceTree = "<group>"; };
		8FA9330EC8C2BB4E49C6DA1D /* Utils.swift */ = {isa = PBXFileReference; fileEncoding = 4; lastKnownFileType = sourcecode.swift; path = Utils.swift; sourceTree = "<group>"; };
		8FA9331B7827E6418C6159C8 /* puzzle02tests.swift */ = {isa = PBXFileReference; fileEncoding = 4; lastKnownFileType = sourcecode.swift; path = puzzle02tests.swift; sourceTree = "<group>"; };
		8FA9356671B1D25802A4ED4A /* SimpleRegex.swift */ = {isa = PBXFileReference; fileEncoding = 4; lastKnownFileType = sourcecode.swift; path = SimpleRegex.swift; sourceTree = "<group>"; };
		8FA9382A03565669FB3FDA8A /* puzzle-01.swift */ = {isa = PBXFileReference; fileEncoding = 4; lastKnownFileType = sourcecode.swift; path = "puzzle-01.swift"; sourceTree = "<group>"; };
		8FA93C3918CC7E8970791104 /* main.swift */ = {isa = PBXFileReference; lastKnownFileType = sourcecode.swift; path = main.swift; sourceTree = "<group>"; };
		8FA93D3C999173C4F1D63F25 /* aoc2020swift */ = {isa = PBXFileReference; explicitFileType = "compiled.mach-o.executable"; includeInIndex = 0; path = aoc2020swift; sourceTree = BUILT_PRODUCTS_DIR; };
		8FA93D4DA348A65E489F5105 /* puzzle-01.txt */ = {isa = PBXFileReference; fileEncoding = 4; lastKnownFileType = text; path = "puzzle-01.txt"; sourceTree = "<group>"; };
/* End PBXFileReference section */

/* Begin PBXFrameworksBuildPhase section */
		3D1D652125B09BC40005B22E /* Frameworks */ = {
			isa = PBXFrameworksBuildPhase;
			buildActionMask = 2147483647;
			files = (
			);
			runOnlyForDeploymentPostprocessing = 0;
		};
		8FA931F681B35D83BB35A8F9 /* Frameworks */ = {
			isa = PBXFrameworksBuildPhase;
			buildActionMask = 2147483647;
			files = (
			);
			runOnlyForDeploymentPostprocessing = 0;
		};
/* End PBXFrameworksBuildPhase section */

/* Begin PBXGroup section */
		3D1D652525B09BC40005B22E /* aoctests */ = {
			isa = PBXGroup;
			children = (
				3D1D652625B09BC40005B22E /* aoctests.swift */,
				3D1D652825B09BC40005B22E /* Info.plist */,
				8FA9331B7827E6418C6159C8 /* puzzle02tests.swift */,
				3D330DF225B9C4C5007D16EE /* puzzle-03-tests.swift */,
				3D4F91EE25BB1DDB00CBD951 /* Puzzle04Tests.swift */,
				3D4F924B25BD014100CBD951 /* Puzzle05Tests.swift */,
			);
			path = aoctests;
			sourceTree = "<group>";
		};
		8FA937C4888FAF5727046F67 /* Products */ = {
			isa = PBXGroup;
			children = (
				8FA93D3C999173C4F1D63F25 /* aoc2020swift */,
				3D1D652425B09BC40005B22E /* aoctests.xctest */,
			);
			name = Products;
			sourceTree = "<group>";
		};
		8FA937DCF43CE6C5CA15062C /* aoc2020swift */ = {
			isa = PBXGroup;
			children = (
				8FA93C3918CC7E8970791104 /* main.swift */,
				8FA93BBD2B1CEA2544268A08 /* inputs */,
				8FA9330EC8C2BB4E49C6DA1D /* Utils.swift */,
				8FA9382A03565669FB3FDA8A /* puzzle-01.swift */,
				8FA932A93A177FC831A83DD3 /* puzzle-02.swift */,
				3D330DEB25B9C0C8007D16EE /* puzzle-03.swift */,
				8FA9356671B1D25802A4ED4A /* SimpleRegex.swift */,
				3D4F91EA25BB173500CBD951 /* puzzle-04.swift */,
				3D4F924725BCF9FD00CBD951 /* puzzle-05.swift */,
			);
			path = aoc2020swift;
			sourceTree = "<group>";
		};
		8FA93BBD2B1CEA2544268A08 /* inputs */ = {
			isa = PBXGroup;
			children = (
				8FA93D4DA348A65E489F5105 /* puzzle-01.txt */,
				8FA93245719137BCADF1AC6C /* puzzle-02.txt */,
				3D330DF625B9CD01007D16EE /* puzzle-03.txt */,
				3D4F922825BB638300CBD951 /* puzzle-04.txt */,
				3D05E5B225BD05C500697387 /* puzzle-05.txt */,
			);
			path = inputs;
			sourceTree = "<group>";
		};
		8FA93D91492342028BD65415 = {
			isa = PBXGroup;
			children = (
				3D1D652525B09BC40005B22E /* aoctests */,
				8FA937C4888FAF5727046F67 /* Products */,
				8FA937DCF43CE6C5CA15062C /* aoc2020swift */,
			);
			sourceTree = "<group>";
		};
/* End PBXGroup section */

/* Begin PBXNativeTarget section */
		3D1D652325B09BC40005B22E /* aoctests */ = {
			isa = PBXNativeTarget;
			buildConfigurationList = 3D1D652B25B09BC40005B22E /* Build configuration list for PBXNativeTarget "aoctests" */;
			buildPhases = (
				3D1D652025B09BC40005B22E /* Sources */,
				3D1D652125B09BC40005B22E /* Frameworks */,
				3D1D652225B09BC40005B22E /* Resources */,
			);
			buildRules = (
			);
			dependencies = (
			);
			name = aoctests;
			productName = aoctests;
			productReference = 3D1D652425B09BC40005B22E /* aoctests.xctest */;
			productType = "com.apple.product-type.bundle.unit-test";
		};
		8FA9344C2640704AE1409C2A /* aoc2020swift */ = {
			isa = PBXNativeTarget;
			buildConfigurationList = 8FA935379AA77221D0F5D37A /* Build configuration list for PBXNativeTarget "aoc2020swift" */;
			buildPhases = (
				8FA9367B80C7646C66702419 /* Sources */,
				8FA931F681B35D83BB35A8F9 /* Frameworks */,
				8FA93159A3802F4F46986EE2 /* CopyFiles */,
			);
			buildRules = (
			);
			dependencies = (
			);
			name = aoc2020swift;
			productName = aoc2020swift;
			productReference = 8FA93D3C999173C4F1D63F25 /* aoc2020swift */;
			productType = "com.apple.product-type.tool";
		};
/* End PBXNativeTarget section */

/* Begin PBXProject section */
		8FA933BE36978383576AA83F /* Project object */ = {
			isa = PBXProject;
			attributes = {
				LastSwiftUpdateCheck = 1230;
				TargetAttributes = {
					3D1D652325B09BC40005B22E = {
						CreatedOnToolsVersion = 12.3;
						ProvisioningStyle = Automatic;
					};
				};
			};
			buildConfigurationList = 8FA93D4D7A2627F997B0D527 /* Build configuration list for PBXProject "aoc2020swift" */;
			compatibilityVersion = "Xcode 3.2";
			developmentRegion = English;
			hasScannedForEncodings = 0;
			knownRegions = (
				English,
				en,
			);
			mainGroup = 8FA93D91492342028BD65415;
			productRefGroup = 8FA937C4888FAF5727046F67 /* Products */;
			projectDirPath = "";
			projectRoot = "";
			targets = (
				8FA9344C2640704AE1409C2A /* aoc2020swift */,
				3D1D652325B09BC40005B22E /* aoctests */,
			);
		};
/* End PBXProject section */

/* Begin PBXResourcesBuildPhase section */
		3D1D652225B09BC40005B22E /* Resources */ = {
			isa = PBXResourcesBuildPhase;
			buildActionMask = 2147483647;
			files = (
				8FA935EE28B8B5F3A0D88C42 /* puzzle-02.txt in Resources */,
			);
			runOnlyForDeploymentPostprocessing = 0;
		};
/* End PBXResourcesBuildPhase section */

/* Begin PBXSourcesBuildPhase section */
		3D1D652025B09BC40005B22E /* Sources */ = {
			isa = PBXSourcesBuildPhase;
			buildActionMask = 2147483647;
			files = (
				3D4F91EF25BB1DDB00CBD951 /* Puzzle04Tests.swift in Sources */,
				3D4F924C25BD014100CBD951 /* Puzzle05Tests.swift in Sources */,
				3D4F91F225BB1EDA00CBD951 /* puzzle-04.swift in Sources */,
				3D330DEF25B9C38C007D16EE /* puzzle-03.swift in Sources */,
				3D1D652725B09BC40005B22E /* aoctests.swift in Sources */,
				3D330DF325B9C4C5007D16EE /* puzzle-03-tests.swift in Sources */,
				3D4F924F25BD019F00CBD951 /* puzzle-05.swift in Sources */,
				8FA930349A8011AFFDCE416D /* Utils.swift in Sources */,
				8FA93DA0B95FC0E5D8CA79CE /* puzzle-01.swift in Sources */,
				8FA935DE16A7AAAD6078346E /* puzzle-02.swift in Sources */,
				8FA938DAEA02602B08587893 /* SimpleRegex.swift in Sources */,
				8FA93183D661C7B7D89FF3FD /* puzzle02tests.swift in Sources */,
			);
			runOnlyForDeploymentPostprocessing = 0;
		};
		8FA9367B80C7646C66702419 /* Sources */ = {
			isa = PBXSourcesBuildPhase;
			buildActionMask = 2147483647;
			files = (
				8FA93FA3640BBF237F0D23ED /* main.swift in Sources */,
				8FA936E644D7B02016075806 /* Utils.swift in Sources */,
				3D4F91EB25BB173500CBD951 /* puzzle-04.swift in Sources */,
				8FA93B101828ED1668050283 /* puzzle-01.swift in Sources */,
				8FA9339ADDFB27418220BC9A /* puzzle-02.swift in Sources */,
				3D330DEC25B9C0C8007D16EE /* puzzle-03.swift in Sources */,
				3D4F924825BCF9FD00CBD951 /* puzzle-05.swift in Sources */,
				8FA931ACA7817D6127ACFF16 /* SimpleRegex.swift in Sources */,
			);
			runOnlyForDeploymentPostprocessing = 0;
		};
/* End PBXSourcesBuildPhase section */

/* Begin XCBuildConfiguration section */
		3D1D652925B09BC40005B22E /* Debug */ = {
			isa = XCBuildConfiguration;
			buildSettings = {
				CODE_SIGN_STYLE = Automatic;
				COMBINE_HIDPI_IMAGES = YES;
				INFOPLIST_FILE = aoctests/Info.plist;
				LD_RUNPATH_SEARCH_PATHS = "$(inherited) @executable_path/../Frameworks @loader_path/../Frameworks";
				MACOSX_DEPLOYMENT_TARGET = 11.1;
				PRODUCT_BUNDLE_IDENTIFIER = com.mattburkedev.aoctests;
				PRODUCT_NAME = "$(TARGET_NAME)";
				SWIFT_VERSION = 5.0;
			};
			name = Debug;
		};
		3D1D652A25B09BC40005B22E /* Release */ = {
			isa = XCBuildConfiguration;
			buildSettings = {
				CODE_SIGN_STYLE = Automatic;
				COMBINE_HIDPI_IMAGES = YES;
				INFOPLIST_FILE = aoctests/Info.plist;
				LD_RUNPATH_SEARCH_PATHS = "$(inherited) @executable_path/../Frameworks @loader_path/../Frameworks";
				MACOSX_DEPLOYMENT_TARGET = 11.1;
				PRODUCT_BUNDLE_IDENTIFIER = com.mattburkedev.aoctests;
				PRODUCT_NAME = "$(TARGET_NAME)";
				SWIFT_VERSION = 5.0;
			};
			name = Release;
		};
		8FA93243E3E6B47155979C83 /* Debug */ = {
			isa = XCBuildConfiguration;
			buildSettings = {
				ALWAYS_SEARCH_USER_PATHS = NO;
				CLANG_ANALYZER_NONNULL = YES;
				CLANG_ANALYZER_NUMBER_OBJECT_CONVERSION = YES_AGGRESSIVE;
				CLANG_CXX_LANGUAGE_STANDARD = "gnu++14";
				CLANG_CXX_LIBRARY = "libc++";
				CLANG_ENABLE_MODULES = YES;
				CLANG_ENABLE_OBJC_ARC = YES;
				CLANG_ENABLE_OBJC_WEAK = YES;
				CLANG_WARN_BLOCK_CAPTURE_AUTORELEASING = YES;
				CLANG_WARN_BOOL_CONVERSION = YES;
				CLANG_WARN_COMMA = YES;
				CLANG_WARN_CONSTANT_CONVERSION = YES;
				CLANG_WARN_DEPRECATED_OBJC_IMPLEMENTATIONS = YES;
				CLANG_WARN_DIRECT_OBJC_ISA_USAGE = YES_ERROR;
				CLANG_WARN_DOCUMENTATION_COMMENTS = YES;
				CLANG_WARN_EMPTY_BODY = YES;
				CLANG_WARN_ENUM_CONVERSION = YES;
				CLANG_WARN_INFINITE_RECURSION = YES;
				CLANG_WARN_INT_CONVERSION = YES;
				CLANG_WARN_NON_LITERAL_NULL_CONVERSION = YES;
				CLANG_WARN_OBJC_IMPLICIT_RETAIN_SELF = YES;
				CLANG_WARN_OBJC_LITERAL_CONVERSION = YES;
				CLANG_WARN_OBJC_ROOT_CLASS = YES_ERROR;
				CLANG_WARN_QUOTED_INCLUDE_IN_FRAMEWORK_HEADER = YES;
				CLANG_WARN_RANGE_LOOP_ANALYSIS = YES;
				CLANG_WARN_STRICT_PROTOTYPES = YES;
				CLANG_WARN_SUSPICIOUS_MOVE = YES;
				CLANG_WARN_UNGUARDED_AVAILABILITY = YES_AGGRESSIVE;
				CLANG_WARN_UNREACHABLE_CODE = YES;
				CLANG_WARN__DUPLICATE_METHOD_MATCH = YES;
				COPY_PHASE_STRIP = NO;
				DEBUG_INFORMATION_FORMAT = dwarf;
				ENABLE_STRICT_OBJC_MSGSEND = YES;
				ENABLE_TESTABILITY = YES;
				GCC_C_LANGUAGE_STANDARD = gnu11;
				GCC_DYNAMIC_NO_PIC = NO;
				GCC_NO_COMMON_BLOCKS = YES;
				GCC_OPTIMIZATION_LEVEL = 0;
				GCC_PREPROCESSOR_DEFINITIONS = (
					"DEBUG=1",
					"$(inherited)",
				);
				GCC_WARN_64_TO_32_BIT_CONVERSION = YES;
				GCC_WARN_ABOUT_RETURN_TYPE = YES_ERROR;
				GCC_WARN_UNDECLARED_SELECTOR = YES;
				GCC_WARN_UNINITIALIZED_AUTOS = YES_AGGRESSIVE;
				GCC_WARN_UNUSED_FUNCTION = YES;
				GCC_WARN_UNUSED_VARIABLE = YES;
				MACOSX_DEPLOYMENT_TARGET = 10.16;
				MTL_ENABLE_DEBUG_INFO = INCLUDE_SOURCE;
				MTL_FAST_MATH = YES;
				ONLY_ACTIVE_ARCH = YES;
				SDKROOT = macosx;
				SWIFT_ACTIVE_COMPILATION_CONDITIONS = DEBUG;
				SWIFT_OPTIMIZATION_LEVEL = "-Onone";
			};
			name = Debug;
		};
		8FA933FEE4D7F62F99D5E1B3 /* Release */ = {
			isa = XCBuildConfiguration;
			buildSettings = {
				PRODUCT_NAME = "$(TARGET_NAME)";
				SWIFT_VERSION = 5.0;
			};
			name = Release;
		};
		8FA938EDE7F91BDE9782E6C3 /* Release */ = {
			isa = XCBuildConfiguration;
			buildSettings = {
				ALWAYS_SEARCH_USER_PATHS = NO;
				CLANG_ANALYZER_NONNULL = YES;
				CLANG_ANALYZER_NUMBER_OBJECT_CONVERSION = YES_AGGRESSIVE;
				CLANG_CXX_LANGUAGE_STANDARD = "gnu++14";
				CLANG_CXX_LIBRARY = "libc++";
				CLANG_ENABLE_MODULES = YES;
				CLANG_ENABLE_OBJC_ARC = YES;
				CLANG_ENABLE_OBJC_WEAK = YES;
				CLANG_WARN_BLOCK_CAPTURE_AUTORELEASING = YES;
				CLANG_WARN_BOOL_CONVERSION = YES;
				CLANG_WARN_COMMA = YES;
				CLANG_WARN_CONSTANT_CONVERSION = YES;
				CLANG_WARN_DEPRECATED_OBJC_IMPLEMENTATIONS = YES;
				CLANG_WARN_DIRECT_OBJC_ISA_USAGE = YES_ERROR;
				CLANG_WARN_DOCUMENTATION_COMMENTS = YES;
				CLANG_WARN_EMPTY_BODY = YES;
				CLANG_WARN_ENUM_CONVERSION = YES;
				CLANG_WARN_INFINITE_RECURSION = YES;
				CLANG_WARN_INT_CONVERSION = YES;
				CLANG_WARN_NON_LITERAL_NULL_CONVERSION = YES;
				CLANG_WARN_OBJC_IMPLICIT_RETAIN_SELF = YES;
				CLANG_WARN_OBJC_LITERAL_CONVERSION = YES;
				CLANG_WARN_OBJC_ROOT_CLASS = YES_ERROR;
				CLANG_WARN_QUOTED_INCLUDE_IN_FRAMEWORK_HEADER = YES;
				CLANG_WARN_RANGE_LOOP_ANALYSIS = YES;
				CLANG_WARN_STRICT_PROTOTYPES = YES;
				CLANG_WARN_SUSPICIOUS_MOVE = YES;
				CLANG_WARN_UNGUARDED_AVAILABILITY = YES_AGGRESSIVE;
				CLANG_WARN_UNREACHABLE_CODE = YES;
				CLANG_WARN__DUPLICATE_METHOD_MATCH = YES;
				COPY_PHASE_STRIP = NO;
				DEBUG_INFORMATION_FORMAT = "dwarf-with-dsym";
				ENABLE_NS_ASSERTIONS = NO;
				ENABLE_STRICT_OBJC_MSGSEND = YES;
				GCC_C_LANGUAGE_STANDARD = gnu11;
				GCC_NO_COMMON_BLOCKS = YES;
				GCC_WARN_64_TO_32_BIT_CONVERSION = YES;
				GCC_WARN_ABOUT_RETURN_TYPE = YES_ERROR;
				GCC_WARN_UNDECLARED_SELECTOR = YES;
				GCC_WARN_UNINITIALIZED_AUTOS = YES_AGGRESSIVE;
				GCC_WARN_UNUSED_FUNCTION = YES;
				GCC_WARN_UNUSED_VARIABLE = YES;
				MACOSX_DEPLOYMENT_TARGET = 10.16;
				MTL_ENABLE_DEBUG_INFO = NO;
				MTL_FAST_MATH = YES;
				SDKROOT = macosx;
				SWIFT_OPTIMIZATION_LEVEL = "-Owholemodule";
			};
			name = Release;
		};
		8FA93B6BC1FF4D1354CBE3D8 /* Debug */ = {
			isa = XCBuildConfiguration;
			buildSettings = {
				PRODUCT_NAME = "$(TARGET_NAME)";
				SWIFT_VERSION = 5.0;
			};
			name = Debug;
		};
/* End XCBuildConfiguration section */

/* Begin XCConfigurationList section */
		3D1D652B25B09BC40005B22E /* Build configuration list for PBXNativeTarget "aoctests" */ = {
			isa = XCConfigurationList;
			buildConfigurations = (
				3D1D652925B09BC40005B22E /* Debug */,
				3D1D652A25B09BC40005B22E /* Release */,
			);
			defaultConfigurationIsVisible = 0;
			defaultConfigurationName = Release;
		};
		8FA935379AA77221D0F5D37A /* Build configuration list for PBXNativeTarget "aoc2020swift" */ = {
			isa = XCConfigurationList;
			buildConfigurations = (
				8FA93B6BC1FF4D1354CBE3D8 /* Debug */,
				8FA933FEE4D7F62F99D5E1B3 /* Release */,
			);
			defaultConfigurationIsVisible = 0;
			defaultConfigurationName = Release;
		};
		8FA93D4D7A2627F997B0D527 /* Build configuration list for PBXProject "aoc2020swift" */ = {
			isa = XCConfigurationList;
			buildConfigurations = (
				8FA93243E3E6B47155979C83 /* Debug */,
				8FA938EDE7F91BDE9782E6C3 /* Release */,
			);
			defaultConfigurationIsVisible = 0;
			defaultConfigurationName = Release;
		};
/* End XCConfigurationList section */
	};
	rootObject = 8FA933BE36978383576AA83F /* Project object */;
}
